
Microsoft Visual Studio Solution File, Format Version 12.00
# Visual Studio Version 17
VisualStudioVersion = 17.1.32421.90
MinimumVisualStudioVersion = 10.0.40219.1
Project("{FAE04EC0-301F-11D3-BF4B-00C04F79EFBC}") = "ZeroOS", "ZeroOS\ZeroOS.csproj", "{4FDA960F-24D5-4EA9-8108-E61008C45738}"
EndProject
Global
	GlobalSection(SolutionConfigurationPlatforms) = preSolution
		Debug|Any CPU = Debug|Any CPU
		Release|Any CPU = Release|Any CPU
	EndGlobalSection
	GlobalSection(ProjectConfigurationPlatforms) = postSolution
		{4FDA960F-24D5-4EA9-8108-E61008C45738}.Debug|Any CPU.ActiveCfg = Debug|Any CPU
		{4FDA960F-24D5-4EA9-8108-E61008C45738}.Debug|Any CPU.Build.0 = Debug|Any CPU
		{4FDA960F-24D5-4EA9-8108-E61008C45738}.Release|Any CPU.ActiveCfg = Release|Any CPU
		{4FDA960F-24D5-4EA9-8108-E61008C45738}.Release|Any CPU.Build.0 = Release|Any CPU
	EndGlobalSection
	GlobalSection(SolutionProperties) = preSolution
		HideSolutionNode = FALSE
	EndGlobalSection
	GlobalSection(ExtensibilityGlobals) = postSolution
		SolutionGuid = {72422533-FF77-45C1-831C-3715A9ED6771}
	EndGlobalSection
EndGlobal
